hash: 34345e4560e96c68b79741ec98d66e30718d56dc853d48feb6ab98dbff02b8f1
updated: 2016-11-05T01:04:51.266021054Z
imports:
- name: github.com/aymerick/raymond
  version: a2232af10b53ef1ae5a767f5178db3a6c1dab655
- name: github.com/gorilla/context
  version: 1ea25387ff6f684839d82767c1733ff4d4d15d0a
- name: github.com/gorilla/mux
  version: 0eeaf8392f5b04950925b8a69fe70f110fa7cbfc
testImports: []
